
Microsoft Visual Studio Solution File, Format Version 12.00
# Visual Studio Version 16
VisualStudioVersion = 16.0.30717.126
MinimumVisualStudioVersion = 10.0.40219.1
Project("{FAE04EC0-301F-11D3-BF4B-00C04F79EFBC}") = "TrackerLibrary", "TrackerLibrary.csproj", "{E129F617-D1BC-4C6B-9AA5-A783CF41D2EE}"
EndProject
Project("{FAE04EC0-301F-11D3-BF4B-00C04F79EFBC}") = "TrackerUI", "..\TrackerUI\TrackerUI.csproj", "{94AFC49D-A2FE-42A6-817F-8D394DA52899}"
EndProject
Global
	GlobalSection(SolutionConfigurationPlatforms) = preSolution
		Debug|Any CPU = Debug|Any CPU
		Release|Any CPU = Release|Any CPU
	EndGlobalSection
	GlobalSection(ProjectConfigurationPlatforms) = postSolution
		{E129F617-D1BC-4C6B-9AA5-A783CF41D2EE}.Debug|Any CPU.ActiveCfg = Debug|Any CPU
		{E129F617-D1BC-4C6B-9AA5-A783CF41D2EE}.Debug|Any CPU.Build.0 = Debug|Any CPU
		{E129F617-D1BC-4C6B-9AA5-A783CF41D2EE}.Release|Any CPU.ActiveCfg = Release|Any CPU
		{E129F617-D1BC-4C6B-9AA5-A783CF41D2EE}.Release|Any CPU.Build.0 = Release|Any CPU
		{94AFC49D-A2FE-42A6-817F-8D394DA52899}.Debug|Any CPU.ActiveCfg = Debug|Any CPU
		{94AFC49D-A2FE-42A6-817F-8D394DA52899}.Debug|Any CPU.Build.0 = Debug|Any CPU
		{94AFC49D-A2FE-42A6-817F-8D394DA52899}.Release|Any CPU.ActiveCfg = Release|Any CPU
		{94AFC49D-A2FE-42A6-817F-8D394DA52899}.Release|Any CPU.Build.0 = Release|Any CPU
	EndGlobalSection
	GlobalSection(SolutionProperties) = preSolution
		HideSolutionNode = FALSE
	EndGlobalSection
	GlobalSection(ExtensibilityGlobals) = postSolution
		SolutionGuid = {93F0049E-AF87-476A-84FD-8B2609E8965F}
	EndGlobalSection
EndGlobal
